
Microsoft Visual Studio Solution File, Format Version 12.00
# Visual Studio 2012
Project("{FAE04EC0-301F-11D3-BF4B-00C04F79EFBC}") = "XamariniOSDeviceInfo", "XamariniOSDeviceInfo\XamariniOSDeviceInfo.csproj", "{5C56219F-1644-45FF-B8F9-A5667B8FC2E6}"
EndProject
Project("{FAE04EC0-301F-11D3-BF4B-00C04F79EFBC}") = "XamariniOSDeviceInfo.iOS", "iOS\XamariniOSDeviceInfo.iOS.csproj", "{56202FDF-AA7A-49E2-A388-72C28AB040AF}"
EndProject
Global
	GlobalSection(SolutionConfigurationPlatforms) = preSolution
		Debug|Any CPU = Debug|Any CPU
		Release|Any CPU = Release|Any CPU
		Debug|iPhoneSimulator = Debug|iPhoneSimulator
		Release|iPhone = Release|iPhone
		Release|iPhoneSimulator = Release|iPhoneSimulator
		Debug|iPhone = Debug|iPhone
	EndGlobalSection
	GlobalSection(ProjectConfigurationPlatforms) = postSolution
		{5C56219F-1644-45FF-B8F9-A5667B8FC2E6}.Debug|Any CPU.ActiveCfg = Debug|Any CPU
		{5C56219F-1644-45FF-B8F9-A5667B8FC2E6}.Debug|Any CPU.Build.0 = Debug|Any CPU
		{5C56219F-1644-45FF-B8F9-A5667B8FC2E6}.Release|Any CPU.ActiveCfg = Release|Any CPU
		{5C56219F-1644-45FF-B8F9-A5667B8FC2E6}.Release|Any CPU.Build.0 = Release|Any CPU
		{5C56219F-1644-45FF-B8F9-A5667B8FC2E6}.Debug|iPhoneSimulator.ActiveCfg = Debug|Any CPU
		{5C56219F-1644-45FF-B8F9-A5667B8FC2E6}.Debug|iPhoneSimulator.Build.0 = Debug|Any CPU
		{5C56219F-1644-45FF-B8F9-A5667B8FC2E6}.Release|iPhone.ActiveCfg = Release|Any CPU
		{5C56219F-1644-45FF-B8F9-A5667B8FC2E6}.Release|iPhone.Build.0 = Release|Any CPU
		{5C56219F-1644-45FF-B8F9-A5667B8FC2E6}.Release|iPhoneSimulator.ActiveCfg = Release|Any CPU
		{5C56219F-1644-45FF-B8F9-A5667B8FC2E6}.Release|iPhoneSimulator.Build.0 = Release|Any CPU
		{5C56219F-1644-45FF-B8F9-A5667B8FC2E6}.Debug|iPhone.ActiveCfg = Debug|Any CPU
		{5C56219F-1644-45FF-B8F9-A5667B8FC2E6}.Debug|iPhone.Build.0 = Debug|Any CPU
		{56202FDF-AA7A-49E2-A388-72C28AB040AF}.Debug|Any CPU.ActiveCfg = Debug|iPhoneSimulator
		{56202FDF-AA7A-49E2-A388-72C28AB040AF}.Debug|Any CPU.Build.0 = Debug|iPhoneSimulator
		{56202FDF-AA7A-49E2-A388-72C28AB040AF}.Release|Any CPU.ActiveCfg = Release|iPhone
		{56202FDF-AA7A-49E2-A388-72C28AB040AF}.Release|Any CPU.Build.0 = Release|iPhone
		{56202FDF-AA7A-49E2-A388-72C28AB040AF}.Debug|iPhoneSimulator.ActiveCfg = Debug|iPhoneSimulator
		{56202FDF-AA7A-49E2-A388-72C28AB040AF}.Debug|iPhoneSimulator.Build.0 = Debug|iPhoneSimulator
		{56202FDF-AA7A-49E2-A388-72C28AB040AF}.Release|iPhone.ActiveCfg = Release|iPhone
		{56202FDF-AA7A-49E2-A388-72C28AB040AF}.Release|iPhone.Build.0 = Release|iPhone
		{56202FDF-AA7A-49E2-A388-72C28AB040AF}.Release|iPhoneSimulator.ActiveCfg = Release|iPhoneSimulator
		{56202FDF-AA7A-49E2-A388-72C28AB040AF}.Release|iPhoneSimulator.Build.0 = Release|iPhoneSimulator
		{56202FDF-AA7A-49E2-A388-72C28AB040AF}.Debug|iPhone.ActiveCfg = Debug|iPhone
		{56202FDF-AA7A-49E2-A388-72C28AB040AF}.Debug|iPhone.Build.0 = Debug|iPhone
	EndGlobalSection
EndGlobal
